
Microsoft Visual Studio Solution File, Format Version 12.00
# Visual Studio Version 17
VisualStudioVersion = 17.13.35913.81
MinimumVisualStudioVersion = 10.0.40219.1
Project("{8BC9CEB8-8B4A-11D0-8D11-00A0C91BC942}") = "Chip-8", "Chip-8\Chip-8.vcxproj", "{9746694A-FB0E-4A85-A0BA-D13E0F123312}"
EndProject
Project("{FAE04EC0-301F-11D3-BF4B-00C04F79EFBC}") = "Interface", "Interface\Interface.csproj", "{3697742C-7581-48B4-AB20-4F47B6AA4960}"
EndProject
Global
	GlobalSection(SolutionConfigurationPlatforms) = preSolution
		Debug|Any CPU = Debug|Any CPU
		Debug|x64 = Debug|x64
		Debug|x86 = Debug|x86
		Release|Any CPU = Release|Any CPU
		Release|x64 = Release|x64
		Release|x86 = Release|x86
	EndGlobalSection
	GlobalSection(ProjectConfigurationPlatforms) = postSolution
		{9746694A-FB0E-4A85-A0BA-D13E0F123312}.Debug|Any CPU.ActiveCfg = Debug|x64
		{9746694A-FB0E-4A85-A0BA-D13E0F123312}.Debug|Any CPU.Build.0 = Debug|x64
		{9746694A-FB0E-4A85-A0BA-D13E0F123312}.Debug|x64.ActiveCfg = Debug|x64
		{9746694A-FB0E-4A85-A0BA-D13E0F123312}.Debug|x64.Build.0 = Debug|x64
		{9746694A-FB0E-4A85-A0BA-D13E0F123312}.Debug|x86.ActiveCfg = Debug|Win32
		{9746694A-FB0E-4A85-A0BA-D13E0F123312}.Debug|x86.Build.0 = Debug|Win32
		{9746694A-FB0E-4A85-A0BA-D13E0F123312}.Release|Any CPU.ActiveCfg = Release|x64
		{9746694A-FB0E-4A85-A0BA-D13E0F123312}.Release|Any CPU.Build.0 = Release|x64
		{9746694A-FB0E-4A85-A0BA-D13E0F123312}.Release|x64.ActiveCfg = Release|x64
		{9746694A-FB0E-4A85-A0BA-D13E0F123312}.Release|x64.Build.0 = Release|x64
		{9746694A-FB0E-4A85-A0BA-D13E0F123312}.Release|x86.ActiveCfg = Release|Win32
		{9746694A-FB0E-4A85-A0BA-D13E0F123312}.Release|x86.Build.0 = Release|Win32
		{3697742C-7581-48B4-AB20-4F47B6AA4960}.Debug|Any CPU.ActiveCfg = Debug|Any CPU
		{3697742C-7581-48B4-AB20-4F47B6AA4960}.Debug|Any CPU.Build.0 = Debug|Any CPU
		{3697742C-7581-48B4-AB20-4F47B6AA4960}.Debug|x64.ActiveCfg = Debug|Any CPU
		{3697742C-7581-48B4-AB20-4F47B6AA4960}.Debug|x64.Build.0 = Debug|Any CPU
		{3697742C-7581-48B4-AB20-4F47B6AA4960}.Debug|x86.ActiveCfg = Debug|Any CPU
		{3697742C-7581-48B4-AB20-4F47B6AA4960}.Debug|x86.Build.0 = Debug|Any CPU
		{3697742C-7581-48B4-AB20-4F47B6AA4960}.Release|Any CPU.ActiveCfg = Release|Any CPU
		{3697742C-7581-48B4-AB20-4F47B6AA4960}.Release|Any CPU.Build.0 = Release|Any CPU
		{3697742C-7581-48B4-AB20-4F47B6AA4960}.Release|x64.ActiveCfg = Release|Any CPU
		{3697742C-7581-48B4-AB20-4F47B6AA4960}.Release|x64.Build.0 = Release|Any CPU
		{3697742C-7581-48B4-AB20-4F47B6AA4960}.Release|x86.ActiveCfg = Release|Any CPU
		{3697742C-7581-48B4-AB20-4F47B6AA4960}.Release|x86.Build.0 = Release|Any CPU
	EndGlobalSection
	GlobalSection(SolutionProperties) = preSolution
		HideSolutionNode = FALSE
	EndGlobalSection
	GlobalSection(ExtensibilityGlobals) = postSolution
		SolutionGuid = {1BA3302C-33F2-411B-9499-BD252DC45EBA}
	EndGlobalSection
EndGlobal
